lockfileVersion: '9.0'

settings:
  autoInstallPeers: true
  excludeLinksFromLockfile: false

importers:

  .:
    devDependencies:
      '@types/node':
        specifier: ^25.6.0
        version: 25.6.0
      esbuild:
        specifier: ^0.28.0
        version: 0.28.0
      knip:
        specifier: ^6.10.0
        version: 6.10.0(@emnapi/core@1.10.0)(@emnapi/runtime@1.10.0)
      oxfmt:
        specifier: ^0.53.0
        version: 0.53.0
      oxlint:
        specifier: ^1.62.0
        version: 1.62.0
      typescript:
        specifier: ^6.0.3
        version: 6.0.3
      user-agent-data-types:
        specifier: ^0.4.3
        version: 0.4.3

packages:

  '@emnapi/core@1.10.0':
    resolution: {integrity: sha512-yq6OkJ4p82CAfPl0u9mQebQHKPJkY7WrIuk205cTYnYe+k2Z8YBh11FrbRG/H6ihirqcacOgl2BIO8oyMQLeXw==}

  '@emnapi/runtime@1.10.0':
    resolution: {integrity: sha512-ewvYlk86xUoGI0zQRNq/mC+16R1QeDlKQy21Ki3oSYXNgLb45GV1P6A0M+/s6nyCuNDqe5VpaY84BzXGwVbwFA==}

  '@emnapi/wasi-threads@1.2.1':
    resolution: {integrity: sha512-uTII7OYF+/Mes/MrcIOYp5yOtSMLBWSIoLPpcgwipoiKbli6k322tcoFsxoIIxPDqW01SQGAgko4EzZi2BNv2w==}

  '@esbuild/aix-ppc64@0.28.0':
    resolution: {integrity: sha512-lhRUCeuOyJQURhTxl4WkpFTjIsbDayJHih5kZC1giwE+MhIzAb7mEsQMqMf18rHLsrb5qI1tafG20mLxEWcWlA==}
    engines: {node: '>=18'}
    cpu: [ppc64]
    os: [aix]

  '@esbuild/android-arm64@0.28.0':
    resolution: {integrity: sha512-+WzIXQOSaGs33tLEgYPYe/yQHf0WTU0X42Jca3y8NWMbUVhp7rUnw+vAsRC/QiDrdD31IszMrZy+qwPOPjd+rw==}
    engines: {node: '>=18'}
    cpu: [arm64]
    os: [android]

  '@esbuild/android-arm@0.28.0':
    resolution: {integrity: sha512-wqh0ByljabXLKHeWXYLqoJ5jKC4XBaw6Hk08OfMrCRd2nP2ZQ5eleDZC41XHyCNgktBGYMbqnrJKq/K/lzPMSQ==}
    engines: {node: '>=18'}
    cpu: [arm]
    os: [android]

  '@esbuild/android-x64@0.28.0':
    resolution: {integrity: sha512-+VJggoaKhk2VNNqVL7f6S189UzShHC/mR9EE8rDdSkdpN0KflSwWY/gWjDrNxxisg8Fp1ZCD9jLMo4m0OUfeUA==}
    engines: {node: '>=18'}
    cpu: [x64]
    os: [android]

  '@esbuild/darwin-arm64@0.28.0':
    resolution: {integrity: sha512-0T+A9WZm+bZ84nZBtk1ckYsOvyA3x7e2Acj1KdVfV4/2tdG4fzUp91YHx+GArWLtwqp77pBXVCPn2We7Letr0Q==}
    engines: {node: '>=18'}
    cpu: [arm64]
    os: [darwin]

  '@esbuild/darwin-x64@0.28.0':
    resolution: {integrity: sha512-fyzLm/DLDl/84OCfp2f/XQ4flmORsjU7VKt8HLjvIXChJoFFOIL6pLJPH4Yhd1n1gGFF9mPwtlN5Wf82DZs+LQ==}
    engines: {node: '>=18'}
    cpu: [x64]
    os: [darwin]

  '@esbuild/freebsd-arm64@0.28.0':
    resolution: {integrity: sha512-l9GeW5UZBT9k9brBYI+0WDffcRxgHQD8ShN2Ur4xWq/NFzUKm3k5lsH4PdaRgb2w7mI9u61nr2gI2mLI27Nh3Q==}
    engines: {node: '>=18'}
    cpu: [arm64]
    os: [freebsd]

  '@esbuild/freebsd-x64@0.28.0':
    resolution: {integrity: sha512-BXoQai/A0wPO6Es3yFJ7APCiKGc1tdAEOgeTNy3SsB491S3aHn4S4r3e976eUnPdU+NbdtmBuLncYir2tMU9Nw==}
    engines: {node: '>=18'}
    cpu: [x64]
    os: [freebsd]

  '@esbuild/linux-arm64@0.28.0':
    resolution: {integrity: sha512-RVyzfb3FWsGA55n6WY0MEIEPURL1FcbhFE6BffZEMEekfCzCIMtB5yyDcFnVbTnwk+CLAgTujmV/Lgvih56W+A==}
    engines: {node: '>=18'}
    cpu: [arm64]
    os: [linux]

  '@esbuild/linux-arm@0.28.0':
    resolution: {integrity: sha512-CjaaREJagqJp7iTaNQjjidaNbCKYcd4IDkzbwwxtSvjI7NZm79qiHc8HqciMddQ6CKvJT6aBd8lO9kN/ZudLlw==}
    engines: {node: '>=18'}
    cpu: [arm]
    os: [linux]

  '@esbuild/linux-ia32@0.28.0':
    resolution: {integrity: sha512-KBnSTt1kxl9x70q+ydterVdl+Cn0H18ngRMRCEQfrbqdUuntQQ0LoMZv47uB97NljZFzY6HcfqEZ2SAyIUTQBQ==}
    engines: {node: '>=18'}
    cpu: [ia32]
    os: [linux]

  '@esbuild/linux-loong64@0.28.0':
    resolution: {integrity: sha512-zpSlUce1mnxzgBADvxKXX5sl8aYQHo2ezvMNI8I0lbblJtp8V4odlm3Yzlj7gPyt3T8ReksE6bK+pT3WD+aJRg==}
    engines: {node: '>=18'}
    cpu: [loong64]
    os: [linux]

  '@esbuild/linux-mips64el@0.28.0':
    resolution: {integrity: sha512-2jIfP6mmjkdmeTlsX/9vmdmhBmKADrWqN7zcdtHIeNSCH1SqIoNI63cYsjQR8J+wGa4Y5izRcSHSm8K3QWmk3w==}
    engines: {node: '>=18'}
    cpu: [mips64el]
    os: [linux]

  '@esbuild/linux-ppc64@0.28.0':
    resolution: {integrity: sha512-bc0FE9wWeC0WBm49IQMPSPILRocGTQt3j5KPCA8os6VprfuJ7KD+5PzESSrJ6GmPIPJK965ZJHTUlSA6GNYEhg==}
    engines: {node: '>=18'}
    cpu: [ppc64]
    os: [linux]

  '@esbuild/linux-riscv64@0.28.0':
    resolution: {integrity: sha512-SQPZOwoTTT/HXFXQJG/vBX8sOFagGqvZyXcgLA3NhIqcBv1BJU1d46c0rGcrij2B56Z2rNiSLaZOYW5cUk7yLQ==}
    engines: {node: '>=18'}
    cpu: [riscv64]
    os: [linux]

  '@esbuild/linux-s390x@0.28.0':
    resolution: {integrity: sha512-SCfR0HN8CEEjnYnySJTd2cw0k9OHB/YFzt5zgJEwa+wL/T/raGWYMBqwDNAC6dqFKmJYZoQBRfHjgwLHGSrn3Q==}
    engines: {node: '>=18'}
    cpu: [s390x]
    os: [linux]

  '@esbuild/linux-x64@0.28.0':
    resolution: {integrity: sha512-us0dSb9iFxIi8srnpl931Nvs65it/Jd2a2K3qs7fz2WfGPHqzfzZTfec7oxZJRNPXPnNYZtanmRc4AL/JwVzHQ==}
    engines: {node: '>=18'}
    cpu: [x64]
    os: [linux]

  '@esbuild/netbsd-arm64@0.28.0':
    resolution: {integrity: sha512-CR/RYotgtCKwtftMwJlUU7xCVNg3lMYZ0RzTmAHSfLCXw3NtZtNpswLEj/Kkf6kEL3Gw+BpOekRX0BYCtklhUw==}
    engines: {node: '>=18'}
    cpu: [arm64]
    os: [netbsd]

  '@esbuild/netbsd-x64@0.28.0':
    resolution: {integrity: sha512-nU1yhmYutL+fQ71Kxnhg8uEOdC0pwEW9entHykTgEbna2pw2dkbFSMeqjjyHZoCmt8SBkOSvV+yNmm94aUrrqw==}
    engines: {node: '>=18'}
    cpu: [x64]
    os: [netbsd]

  '@esbuild/openbsd-arm64@0.28.0':
    resolution: {integrity: sha512-cXb5vApOsRsxsEl4mcZ1XY3D4DzcoMxR/nnc4IyqYs0rTI8ZKmW6kyyg+11Z8yvgMfAEldKzP7AdP64HnSC/6g==}
    engines: {node: '>=18'}
    cpu: [arm64]
    os: [openbsd]

  '@esbuild/openbsd-x64@0.28.0':
    resolution: {integrity: sha512-8wZM2qqtv9UP3mzy7HiGYNH/zjTA355mpeuA+859TyR+e+Tc08IHYpLJuMsfpDJwoLo1ikIJI8jC3GFjnRClzA==}
    engines: {node: '>=18'}
    cpu: [x64]
    os: [openbsd]

  '@esbuild/openharmony-arm64@0.28.0':
    resolution: {integrity: sha512-FLGfyizszcef5C3YtoyQDACyg95+dndv79i2EekILBofh5wpCa1KuBqOWKrEHZg3zrL3t5ouE5jgr94vA+Wb2w==}
    engines: {node: '>=18'}
    cpu: [arm64]
    os: [openharmony]

  '@esbuild/sunos-x64@0.28.0':
    resolution: {integrity: sha512-1ZgjUoEdHZZl/YlV76TSCz9Hqj9h9YmMGAgAPYd+q4SicWNX3G5GCyx9uhQWSLcbvPW8Ni7lj4gDa1T40akdlw==}
    engines: {node: '>=18'}
    cpu: [x64]
    os: [sunos]

  '@esbuild/win32-arm64@0.28.0':
    resolution: {integrity: sha512-Q9StnDmQ/enxnpxCCLSg0oo4+34B9TdXpuyPeTedN/6+iXBJ4J+zwfQI28u/Jl40nOYAxGoNi7mFP40RUtkmUA==}
    engines: {node: '>=18'}
    cpu: [arm64]
    os: [win32]

  '@esbuild/win32-ia32@0.28.0':
    resolution: {integrity: sha512-zF3ag/gfiCe6U2iczcRzSYJKH1DCI+ByzSENHlM2FcDbEeo5Zd2C86Aq0tKUYAJJ1obRP84ymxIAksZUcdztHA==}
    engines: {node: '>=18'}
    cpu: [ia32]
    os: [win32]

  '@esbuild/win32-x64@0.28.0':
    resolution: {integrity: sha512-pEl1bO9mfAmIC+tW5btTmrKaujg3zGtUmWNdCw/xs70FBjwAL3o9OEKNHvNmnyylD6ubxUERiEhdsL0xBQ9efw==}
    engines: {node: '>=18'}
    cpu: [x64]
    os: [win32]

  '@napi-rs/wasm-runtime@1.1.4':
    resolution: {integrity: sha512-3NQNNgA1YSlJb/kMH1ildASP9HW7/7kYnRI2szWJaofaS1hWmbGI4H+d3+22aGzXXN9IJ+n+GiFVcGipJP18ow==}
    peerDependencies:
      '@emnapi/core': ^1.7.1
      '@emnapi/runtime': ^1.7.1

  '@oxc-parser/binding-android-arm-eabi@0.128.0':
    resolution: {integrity: sha512-aca6ZvzmCBUGOANQRiRQRZuRKYI3ENhcit6GisnknOOmcezfQc7xJ4dxlPU7MV7mOvrC7RNR1u3LAD7xyaiCxA==}
    engines: {node: ^20.19.0 || >=22.12.0}
    cpu: [arm]
    os: [android]

  '@oxc-parser/binding-android-arm64@0.128.0':
    resolution: {integrity: sha512-BbeDmuohoJ7Rz/it5wnkj69i/OsCPS3Z51nLEzwO/Y6YshtC4JU+15oNwhY8v4LRKRYclRc7ggOikwrsJ/eOEQ==}
    engines: {node: ^20.19.0 || >=22.12.0}
    cpu: [arm64]
    os: [android]

  '@oxc-parser/binding-darwin-arm64@0.128.0':
    resolution: {integrity: sha512-tRUHPt80417QmvNpoSslJT1VY8NUbWdrWR+L14Zn+RbOTcaqB8E6PYE/ZGN8jjWBzqporiA/H4MfO50ew/NCNA==}
    engines: {node: ^20.19.0 || >=22.12.0}
    cpu: [arm64]
    os: [darwin]

  '@oxc-parser/binding-darwin-x64@0.128.0':
    resolution: {integrity: sha512-rWI2Hb1Nt3U/vKsjyNvZzDC8i/l144U20DKjhzaTmwIhIiSRGeroPWWiImwypmKLqrw8GuIixbWJkpGWLbkzrQ==}
    engines: {node: ^20.19.0 || >=22.12.0}
    cpu: [x64]
    os: [darwin]

  '@oxc-parser/binding-freebsd-x64@0.128.0':
    resolution: {integrity: sha512-hhpdVMaNCLgQxjgNPeeFzSeJMmZPc5lKfv0NGSI3egZq9EdnEGqeC8JsYsQjK7PoQgbvZ17xlj0SO5ziH5Obkg==}
    engines: {node: ^20.19.0 || >=22.12.0}
    cpu: [x64]
    os: [freebsd]

  '@oxc-parser/binding-linux-arm-gnueabihf@0.128.0':
    resolution: {integrity: sha512-093zNw0zZ/e/obML+rhlSdmnzR0mVZluPcAkxunEc5E3F0yBVsFn24Y1ILfsEte11Ud041qn/gp2OJ1jxNqUng==}
    engines: {node: ^20.19.0 || >=22.12.0}
    cpu: [arm]
    os: [linux]

  '@oxc-parser/binding-linux-arm-musleabihf@0.128.0':
    resolution: {integrity: sha512-fq7DmKmfC+dvD97IXrgbph6Jzwe0EDu+PYMofmzZ6fv5X1k9vtaqLpDGMuICO9MmUnyKAQmVl+wIv2RNy4Dz8g==}
    engines: {node: ^20.19.0 || >=22.12.0}
    cpu: [arm]
    os: [linux]

  '@oxc-parser/binding-linux-arm64-gnu@0.128.0':
    resolution: {integrity: sha512-Xvm48jJah8TlIrURIjNOP/gNiGe6aKvCB+r06VliflFo8Kq7VOLE8PxtgShJzZIqubrgdMdYfvuPPozn7F6MbQ==}
    engines: {node: ^20.19.0 || >=22.12.0}
    cpu: [arm64]
    os: [linux]

  '@oxc-parser/binding-linux-arm64-musl@0.128.0':
    resolution: {integrity: sha512-M7iwBGmYJTx+pKOYFjI0buop4gJvlmcVzFGaXPt21DKpQkbQZG1f63Yg7LloIYT/t9yLxCw0Lhfx/RFlAlMSjA==}
    engines: {node: ^20.19.0 || >=22.12.0}
    cpu: [arm64]
    os: [linux]

  '@oxc-parser/binding-linux-ppc64-gnu@0.128.0':
    resolution: {integrity: sha512-21LGNIZb1Pcfk5/EGsqabrxv4yqQOWis1407JJrClS7XpFCrbvr74YAB1V+m54cYbwvO6UWwQqS4WecxiyfCRg==}
    engines: {node: ^20.19.0 || >=22.12.0}
    cpu: [ppc64]
    os: [linux]

  '@oxc-parser/binding-linux-riscv64-gnu@0.128.0':
    resolution: {integrity: sha512-gyHjOTFpg9bTTYjxPmQirvufb89+VdZwVfcMtAUyPr6F5H8ZswvCQshK4qOW+Q+2Xyb33hduRgY/eFHJQjU/vQ==}
    engines: {node: ^20.19.0 || >=22.12.0}
    cpu: [riscv64]
    os: [linux]

  '@oxc-parser/binding-linux-riscv64-musl@0.128.0':
    resolution: {integrity: sha512-X6Q2oKUrP5GyDd2xniuEBLk6aFQCZ97W2+aVXGgJXdjx5t4/oFuA9ri0wLOUrBIX+qdSuK581snMBio4z910eA==}
    engines: {node: ^20.19.0 || >=22.12.0}
    cpu: [riscv64]
    os: [linux]

  '@oxc-parser/binding-linux-s390x-gnu@0.128.0':
    resolution: {integrity: sha512-BdzTmqxfxoYkpgokoLaSnOX6T+R3/goL42klre2tnG+kHbG2TXS0VN+P5BPofH1axdKOHy5ei4ENZrjmCOt2lA==}
    engines: {node: ^20.19.0 || >=22.12.0}
    cpu: [s390x]
    os: [linux]

  '@oxc-parser/binding-linux-x64-gnu@0.128.0':
    resolution: {integrity: sha512-OO1nW2Q7sSYYvJZpDHdvyFSdRaVcQqRijZSSmWVMqFxPYy8cEF45zJ9fcdIYuzIT3jYq6YRhEFm/VMWNWhE22Q==}
    engines: {node: ^20.19.0 || >=22.12.0}
    cpu: [x64]
    os: [linux]

  '@oxc-parser/binding-linux-x64-musl@0.128.0':
    resolution: {integrity: sha512-4NehAe404MRdoZVS9DW8C5XbJwbXIc/KfVlYdpi5vE4081zc9Y0YzKVqyOYj/Puye7/Do+ohaONBFWlEHYl9hw==}
    engines: {node: ^20.19.0 || >=22.12.0}
    cpu: [x64]
    os: [linux]

  '@oxc-parser/binding-openharmony-arm64@0.128.0':
    resolution: {integrity: sha512-kVbqgW9xLL8bh8oc7aYOJilRKXE5G33+tE0jan+duo/9OriaFRpijcCwT2waWs2oqYROYq0GlE7/p3ywoshVeg==}
    engines: {node: ^20.19.0 || >=22.12.0}
    cpu: [arm64]
    os: [openharmony]

  '@oxc-parser/binding-wasm32-wasi@0.128.0':
    resolution: {integrity: sha512-L38ojghJYHmgiz6fJd7jwLB/ESDBpB02NdFxh+smqVM6P2anCEvHn0jhaSrt5eVNR1Ak8+moOeftUlofeyvniA==}
    engines: {node: ^20.19.0 || >=22.12.0}
    cpu: [wasm32]

  '@oxc-parser/binding-win32-arm64-msvc@0.128.0':
    resolution: {integrity: sha512-xgvO35GyHBtjlQ5AEpaYr7Rll1rvY7zqIhT6ty8E3ezBW2J1SFLjIDEvI/tcgDg6oaseDAqVcM+jU1HuCekgZw==}
    engines: {node: ^20.19.0 || >=22.12.0}
    cpu: [arm64]
    os: [win32]

  '@oxc-parser/binding-win32-ia32-msvc@0.128.0':
    resolution: {integrity: sha512-OY+3eM2SN72prHKRB22mPz8o5A/7dJ+f5DFLBVvggyZhEaNDAH9IB+ElMjmOkOIwf5MDCUAowCK7pAncNxzpBA==}
    engines: {node: ^20.19.0 || >=22.12.0}
    cpu: [ia32]
    os: [win32]

  '@oxc-parser/binding-win32-x64-msvc@0.128.0':
    resolution: {integrity: sha512-NE9ny+cPUCCObXa0IKLfj0tCdPd7pe/dz9ZpkxpUOymB3miNeMPybdlYYTBSGJUalMWeBM85/4JcCErCNTqOXw==}
    engines: {node: ^20.19.0 || >=22.12.0}
    cpu: [x64]
    os: [win32]

  '@oxc-project/types@0.128.0':
    resolution: {integrity: sha512-huv1Y/LzBJkBVHt3OlC7u0zHBW9qXf1FdD7sGmc1rXc2P1mTwHssYv7jyGx5KAACSCH+9B3Bhn6Z9luHRvf7pQ==}

  '@oxc-resolver/binding-android-arm-eabi@11.19.1':
    resolution: {integrity: sha512-aUs47y+xyXHUKlbhqHUjBABjvycq6YSD7bpxSW7vplUmdzAlJ93yXY6ZR0c1o1x5A/QKbENCvs3+NlY8IpIVzg==}
    cpu: [arm]
    os: [android]

  '@oxc-resolver/binding-android-arm64@11.19.1':
    resolution: {integrity: sha512-oolbkRX+m7Pq2LNjr/kKgYeC7bRDMVTWPgxBGMjSpZi/+UskVo4jsMU3MLheZV55jL6c3rNelPl4oD60ggYmqA==}
    cpu: [arm64]
    os: [android]

  '@oxc-resolver/binding-darwin-arm64@11.19.1':
    resolution: {integrity: sha512-nUC6d2i3R5B12sUW4O646qD5cnMXf2oBGPLIIeaRfU9doJRORAbE2SGv4eW6rMqhD+G7nf2Y8TTJTLiiO3Q/dQ==}
    cpu: [arm64]
    os: [darwin]

  '@oxc-resolver/binding-darwin-x64@11.19.1':
    resolution: {integrity: sha512-cV50vE5+uAgNcFa3QY1JOeKDSkM/9ReIcc/9wn4TavhW/itkDGrXhw9jaKnkQnGbjJ198Yh5nbX/Gr2mr4Z5jQ==}
    cpu: [x64]
    os: [darwin]

  '@oxc-resolver/binding-freebsd-x64@11.19.1':
    resolution: {integrity: sha512-xZOQiYGFxtk48PBKff+Zwoym7ScPAIVp4c14lfLxizO2LTTTJe5sx9vQNGrBymrf/vatSPNMD4FgsaaRigPkqw==}
    cpu: [x64]
    os: [freebsd]

  '@oxc-resolver/binding-linux-arm-gnueabihf@11.19.1':
    resolution: {integrity: sha512-lXZYWAC6kaGe/ky2su94e9jN9t6M0/6c+GrSlCqL//XO1cxi5lpAhnJYdyrKfm0ZEr/c7RNyAx3P7FSBcBd5+A==}
    cpu: [arm]
    os: [linux]

  '@oxc-resolver/binding-linux-arm-musleabihf@11.19.1':
    resolution: {integrity: sha512-veG1kKsuK5+t2IsO9q0DErYVSw2azvCVvWHnfTOS73WE0STdLLB7Q1bB9WR+yHPQM76ASkFyRbogWo1GR1+WbQ==}
    cpu: [arm]
    os: [linux]

  '@oxc-resolver/binding-linux-arm64-gnu@11.19.1':
    resolution: {integrity: sha512-heV2+jmXyYnUrpUXSPugqWDRpnsQcDm2AX4wzTuvgdlZfoNYO0O3W2AVpJYaDn9AG4JdM6Kxom8+foE7/BcSig==}
    cpu: [arm64]
    os: [linux]

  '@oxc-resolver/binding-linux-arm64-musl@11.19.1':
    resolution: {integrity: sha512-jvo2Pjs1c9KPxMuMPIeQsgu0mOJF9rEb3y3TdpsrqwxRM+AN6/nDDwv45n5ZrUnQMsdBy5gIabioMKnQfWo9ew==}
    cpu: [arm64]
    os: [linux]

  '@oxc-resolver/binding-linux-ppc64-gnu@11.19.1':
    resolution: {integrity: sha512-vLmdNxWCdN7Uo5suays6A/+ywBby2PWBBPXctWPg5V0+eVuzsJxgAn6MMB4mPlshskYbppjpN2Zg83ArHze9gQ==}
    cpu: [ppc64]
    os: [linux]

  '@oxc-resolver/binding-linux-riscv64-gnu@11.19.1':
    resolution: {integrity: sha512-/b+WgR+VTSBxzgOhDO7TlMXC1ufPIMR6Vj1zN+/x+MnyXGW7prTLzU9eW85Aj7Th7CCEG9ArCbTeqxCzFWdg2w==}
    cpu: [riscv64]
    os: [linux]

  '@oxc-resolver/binding-linux-riscv64-musl@11.19.1':
    resolution: {integrity: sha512-YlRdeWb9j42p29ROh+h4eg/OQ3dTJlpHSa+84pUM9+p6i3djtPz1q55yLJhgW9XfDch7FN1pQ/Vd6YP+xfRIuw==}
    cpu: [riscv64]
    os: [linux]

  '@oxc-resolver/binding-linux-s390x-gnu@11.19.1':
    resolution: {integrity: sha512-EDpafVOQWF8/MJynsjOGFThcqhRHy417sRyLfQmeiamJ8qVhSKAn2Dn2VVKUGCjVB9C46VGjhNo7nOPUi1x6uA==}
    cpu: [s390x]
    os: [linux]

  '@oxc-resolver/binding-linux-x64-gnu@11.19.1':
    resolution: {integrity: sha512-NxjZe+rqWhr+RT8/Ik+5ptA3oz7tUw361Wa5RWQXKnfqwSSHdHyrw6IdcTfYuml9dM856AlKWZIUXDmA9kkiBQ==}
    cpu: [x64]
    os: [linux]

  '@oxc-resolver/binding-linux-x64-musl@11.19.1':
    resolution: {integrity: sha512-cM/hQwsO3ReJg5kR+SpI69DMfvNCp+A/eVR4b4YClE5bVZwz8rh2Nh05InhwI5HR/9cArbEkzMjcKgTHS6UaNw==}
    cpu: [x64]
    os: [linux]

  '@oxc-resolver/binding-openharmony-arm64@11.19.1':
    resolution: {integrity: sha512-QF080IowFB0+9Rh6RcD19bdgh49BpQHUW5TajG1qvWHvmrQznTZZjYlgE2ltLXyKY+qs4F/v5xuX1XS7Is+3qA==}
    cpu: [arm64]
    os: [openharmony]

  '@oxc-resolver/binding-wasm32-wasi@11.19.1':
    resolution: {integrity: sha512-w8UCKhX826cP/ZLokXDS6+milN8y4X7zidsAttEdWlVoamTNf6lhBJldaWr3ukTDiye7s4HRcuPEPOXNC432Vg==}
    engines: {node: '>=14.0.0'}
    cpu: [wasm32]

  '@oxc-resolver/binding-win32-arm64-msvc@11.19.1':
    resolution: {integrity: sha512-nJ4AsUVZrVKwnU/QRdzPCCrO0TrabBqgJ8pJhXITdZGYOV28TIYystV1VFLbQ7DtAcaBHpocT5/ZJnF78YJPtQ==}
    cpu: [arm64]
    os: [win32]

  '@oxc-resolver/binding-win32-ia32-msvc@11.19.1':
    resolution: {integrity: sha512-EW+ND5q2Tl+a3pH81l1QbfgbF3HmqgwLfDfVithRFheac8OTcnbXt/JxqD2GbDkb7xYEqy1zNaVFRr3oeG8npA==}
    cpu: [ia32]
    os: [win32]

  '@oxc-resolver/binding-win32-x64-msvc@11.19.1':
    resolution: {integrity: sha512-6hIU3RQu45B+VNTY4Ru8ppFwjVS/S5qwYyGhBotmjxfEKk41I2DlGtRfGJndZ5+6lneE2pwloqunlOyZuX/XAw==}
    cpu: [x64]
    os: [win32]

  '@oxfmt/binding-android-arm-eabi@0.53.0':
    resolution: {integrity: sha512-XfVM8AmIovBTKXCt14Op5wbfcoM8418nttd+nhMgM3RAVaJg1MtJc73FyWfUt0oxLyBGVwfniNVUsbV/b3VmPg==}
    engines: {node: ^20.19.0 || >=22.12.0}
    cpu: [arm]
    os: [android]

  '@oxfmt/binding-android-arm64@0.53.0':
    resolution: {integrity: sha512-btHDfXckwdf9zgyAVznfZkf+GVyB0I1m1hlvaOMRx2xoyz3hphfPX97s89J3wfCN8QBETLtk4lQUaeOkrMuQOg==}
    engines: {node: ^20.19.0 || >=22.12.0}
    cpu: [arm64]
    os: [android]

  '@oxfmt/binding-darwin-arm64@0.53.0':
    resolution: {integrity: sha512-k2RjMcSTkHjoOlsVGbL35JVzXL+oQco3GHPl/5kjebVF4oHNfE24In8F5isqBh9LBJucycWHKDXdGrCchdWcHQ==}
    engines: {node: ^20.19.0 || >=22.12.0}
    cpu: [arm64]
    os: [darwin]

  '@oxfmt/binding-darwin-x64@0.53.0':
    resolution: {integrity: sha512-65jIBE2H1l5SSs16fmv6/7b6sAx/WpvnsgDhVWK9qSjNFDUro7MPQ6q5UhpY7kl46yltfR046iAnxy/Bzqbiew==}
    engines: {node: ^20.19.0 || >=22.12.0}
    cpu: [x64]
    os: [darwin]

  '@oxfmt/binding-freebsd-x64@0.53.0':
    resolution: {integrity: sha512-oYe1gkz7U49PCYrS9147d2fJZj8mDI4Di6AvlsU5fu9p+Tq8S7qqOMSZjUiVTLX8bXuSA9Lk/tIxuegVjkNYRA==}
    engines: {node: ^20.19.0 || >=22.12.0}
    cpu: [x64]
    os: [freebsd]

  '@oxfmt/binding-linux-arm-gnueabihf@0.53.0':
    resolution: {integrity: sha512-ailB2vLzGi629tymdAb2VYJyEHref7oqGxP+tRBrtRBxQrb6NV55JMT7xtGZ8uTeG2+Y9zojqW4LhJYxQnz9Pg==}
    engines: {node: ^20.19.0 || >=22.12.0}
    cpu: [arm]
    os: [linux]

  '@oxfmt/binding-linux-arm-musleabihf@0.53.0':
    resolution: {integrity: sha512-abh4mWBvOvD966sobqF7r103y2yYx7Rb4WGHLOS4+5igGqLbbPxS9aK5+45D6iUY7dWMsk3Muz9a8gUtufvqJA==}
    engines: {node: ^20.19.0 || >=22.12.0}
    cpu: [arm]
    os: [linux]

  '@oxfmt/binding-linux-arm64-gnu@0.53.0':
    resolution: {integrity: sha512-z73PvuhJ8qA+cDbaiqbtopHglA91U4+y5wn2sTJJrnpB957d5P33FEuyP3DQIFd7ofljmDmfVT4G0CVGHZaJWg==}
    engines: {node: ^20.19.0 || >=22.12.0}
    cpu: [arm64]
    os: [linux]

  '@oxfmt/binding-linux-arm64-musl@0.53.0':
    resolution: {integrity: sha512-I6bhOTroqc3ThrwZ89l2k3ivKuELhdPLbAcJhRNyjWvlgwb0vjRgEnVL1XLx5Jud04/ypNRZBykAWrSk6l/D+g==}
    engines: {node: ^20.19.0 || >=22.12.0}
    cpu: [arm64]
    os: [linux]

  '@oxfmt/binding-linux-ppc64-gnu@0.53.0':
    resolution: {integrity: sha512-w0p3JzB/PkkQjXALMJMqP9YfP3yq4w6zGsu5kezQmUnxRkN3b/Theg2l/nDgBsOcczxS3gL6Gam5XNAVrO6QJQ==}
    engines: {node: ^20.19.0 || >=22.12.0}
    cpu: [ppc64]
    os: [linux]

  '@oxfmt/binding-linux-riscv64-gnu@0.53.0':
    resolution: {integrity: sha512-mzBhF6k1Yq1K/dqDmVe/AAafnlJfEpx7yfUiksyeWXJk5iSzZqBSxcsa02zIytYgQFRZ7h6WPZfwHg/DoOE1Kw==}
    engines: {node: ^20.19.0 || >=22.12.0}
    cpu: [riscv64]
    os: [linux]

  '@oxfmt/binding-linux-riscv64-musl@0.53.0':
    resolution: {integrity: sha512-AlFCpnRQhogQFzZXWbO6xB6/Udy745L+eQNmDPGg7G/OeWsYmJc4jZYfUN5pQg0reOPWSED2mOQqKZOJM1U8cA==}
    engines: {node: ^20.19.0 || >=22.12.0}
    cpu: [riscv64]
    os: [linux]

  '@oxfmt/binding-linux-s390x-gnu@0.53.0':
    resolution: {integrity: sha512-XD4ulY4f1DWbuuZXAqxhVn+gdPmrhnmojWtFN78ctVoupmS845fGhsUrk1HZXKQI+iymbaiz9vAjPsghHNQ7Ag==}
    engines: {node: ^20.19.0 || >=22.12.0}
    cpu: [s390x]
    os: [linux]

  '@oxfmt/binding-linux-x64-gnu@0.53.0':
    resolution: {integrity: sha512-xg8KWX0QnxmYWRe60CgHYWXI0ZOtBbqTsXvWiWrcl2XUHJ3fht2QerOk2iWvylzX3zNT2GpvBRxGoR4d3sxPRQ==}
    engines: {node: ^20.19.0 || >=22.12.0}
    cpu: [x64]
    os: [linux]

  '@oxfmt/binding-linux-x64-musl@0.53.0':
    resolution: {integrity: sha512-MWExpYBGvl+pIvVB/gj/CcWlN2al8AizT7rUbtaYaWNoQkhWARM6W3qpgoCr72CYSN9PborzPmM5MIRe2BrNdA==}
    engines: {node: ^20.19.0 || >=22.12.0}
    cpu: [x64]
    os: [linux]

  '@oxfmt/binding-openharmony-arm64@0.53.0':
    resolution: {integrity: sha512-u4sajgO4nxgmJIgc/y2AqPhkdbOkQH8WugXpA1+pW0ESQhvGZ1oGq61Q4xMbJHJU1hFgtO18QNrcFYDPYH0gwQ==}
    engines: {node: ^20.19.0 || >=22.12.0}
    cpu: [arm64]
    os: [openharmony]

  '@oxfmt/binding-win32-arm64-msvc@0.53.0':
    resolution: {integrity: sha512-Yq9sOZoIOJ5xPjO0qOyHJS4CiPuTkB2en9auxZz7Ar2p5RaC7BzLyVVmAA7zz9/L9YnjjY1DwNxN+ivKXimN/A==}
    engines: {node: ^20.19.0 || >=22.12.0}
    cpu: [arm64]
    os: [win32]

  '@oxfmt/binding-win32-ia32-msvc@0.53.0':
    resolution: {integrity: sha512-es1fVNZEkBqEcQtBpn19SYFgZF7FawlkCjkT/iImfEAus4gun8fBwB1E9hpV5LcR9B0DBNvRIXhW8BQk3JaE+Q==}
    engines: {node: ^20.19.0 || >=22.12.0}
    cpu: [ia32]
    os: [win32]

  '@oxfmt/binding-win32-x64-msvc@0.53.0':
    resolution: {integrity: sha512-QFmJs2bEu9AO4O6qsmEaZNGi6dFq8N+rT8EHAAnZIq/B9SeJDUbc4DzVxQ48MfDsL7D3sCZzo37zuTuspcURgg==}
    engines: {node: ^20.19.0 || >=22.12.0}
    cpu: [x64]
    os: [win32]

  '@oxlint/binding-android-arm-eabi@1.62.0':
    resolution: {integrity: sha512-pKsthNECyvJh8lPTICz6VcwVy2jOqdhhsp1rlxCkhgZR47aKvXPmaRWQDv+zlXpRae4qm1MaaTnutkaOk5aofg==}
    engines: {node: ^20.19.0 || >=22.12.0}
    cpu: [arm]
    os: [android]

  '@oxlint/binding-android-arm64@1.62.0':
    resolution: {integrity: sha512-b1AUNViByvgmR2xJDubvLIr+dSuu3uraG7bsAoKo+xrpspPvu6RIn6Fhr2JUhobfep3jwUTy18Huco6GkwdvGQ==}
    engines: {node: ^20.19.0 || >=22.12.0}
    cpu: [arm64]
    os: [android]

  '@oxlint/binding-darwin-arm64@1.62.0':
    resolution: {integrity: sha512-iG+Tvf70UJ6otfwFYIHk36Sjq9cpPP5YLxkoggANNRtzgi3Tj3g8q6Ybqi6AtkU3+yg9QwF7bDCkCS6bbL4PCg==}
    engines: {node: ^20.19.0 || >=22.12.0}
    cpu: [arm64]
    os: [darwin]

  '@oxlint/binding-darwin-x64@1.62.0':
    resolution: {integrity: sha512-oOWI6YPPr5AJUx+yIDlxmuUbQjS5gZX3OH3QisawYvsZgLiQVvZtR0rPBcJTxLWqt2ClrWg0DlSrlUiG5SQNHg==}
    engines: {node: ^20.19.0 || >=22.12.0}
    cpu: [x64]
    os: [darwin]

  '@oxlint/binding-freebsd-x64@1.62.0':
    resolution: {integrity: sha512-dLP33T7VLCmLVv4cvjkVX+rmkcwNk2UfxmsZPNur/7BQHoQR60zJ7XLiRvNUawlzn0u8ngCa3itjEG73MAMa/w==}
    engines: {node: ^20.19.0 || >=22.12.0}
    cpu: [x64]
    os: [freebsd]

  '@oxlint/binding-linux-arm-gnueabihf@1.62.0':
    resolution: {integrity: sha512-fl//LWNks6qo9chNY60UDYyIwtp7a5cEx4Y/rHPjaarhuwqx6jtbzEpD5V5AqmdL4a6Y5D8zeXg5HF2Cr0QmSQ==}
    engines: {node: ^20.19.0 || >=22.12.0}
    cpu: [arm]
    os: [linux]

  '@oxlint/binding-linux-arm-musleabihf@1.62.0':
    resolution: {integrity: sha512-i5vkAuxvueTODV3J2dL61/TXewDHhMFKvtD156cIsk7GsdfiAu7zW7kY0NJXhKeFHeiMZIh7eFNjkPYH6J47HQ==}
    engines: {node: ^20.19.0 || >=22.12.0}
    cpu: [arm]
    os: [linux]

  '@oxlint/binding-linux-arm64-gnu@1.62.0':
    resolution: {integrity: sha512-QwN19LLuIGuOjEflSeJkZmOTfBdBMlTmW8xbMf8TZhjd//cxVNYQPq75q7oKZBJc6hRx3gY7sX0Egc8cEIFZYg==}
    engines: {node: ^20.19.0 || >=22.12.0}
    cpu: [arm64]
    os: [linux]

  '@oxlint/binding-linux-arm64-musl@1.62.0':
    resolution: {integrity: sha512-8eCy3FCDuWUM5hWujAv6heMvfZPbcCOU3SdQUAkixZLu5bSzOkNfirJiLGoQFO943xceOKkiQRMQNzH++jM3WA==}
    engines: {node: ^20.19.0 || >=22.12.0}
    cpu: [arm64]
    os: [linux]

  '@oxlint/binding-linux-ppc64-gnu@1.62.0':
    resolution: {integrity: sha512-NjQ7K7tpTPDe9J+yq8p/s/J0E7lRCkK2uDBDqvT4XIT6f4Z0tlnr59OBg/WcrmVHER1AbrcfyxhGTXgcG8ytWg==}
    engines: {node: ^20.19.0 || >=22.12.0}
    cpu: [ppc64]
    os: [linux]

  '@oxlint/binding-linux-riscv64-gnu@1.62.0':
    resolution: {integrity: sha512-oKZed9gmSwze29dEt3/Wnsv6l/Ygw/FUst+8Kfpv2SGeS/glEoTGZAMQw37SVyzFV76UTHJN2snGgxK2t2+8ow==}
    engines: {node: ^20.19.0 || >=22.12.0}
    cpu: [riscv64]
    os: [linux]

  '@oxlint/binding-linux-riscv64-musl@1.62.0':
    resolution: {integrity: sha512-gBjBxQ+9lGpAYq+ELqw0w8QXsBnkZclFc7GRX2r0LnEVn3ZTEqeIKpKcGjucmp76Q53bvJD0i4qBWBhcfhSfGA==}
    engines: {node: ^20.19.0 || >=22.12.0}
    cpu: [riscv64]
    os: [linux]

  '@oxlint/binding-linux-s390x-gnu@1.62.0':
    resolution: {integrity: sha512-Ew2Kxs9EQ9/mbAIJ2hvocMC0wsOu6YKzStI2eFBDt+Td5O8seVC/oxgRIHqCcl5sf5ratA1nozQBAuv7tphkHg==}
    engines: {node: ^20.19.0 || >=22.12.0}
    cpu: [s390x]
    os: [linux]

  '@oxlint/binding-linux-x64-gnu@1.62.0':
    resolution: {integrity: sha512-5z25jcAA0gfKyVwz71A0VXgaPlocPoTAxhlv/hgoK6tlCrfoNuw7haWbDHvGMfjXhdic4EqVXGRv5XsTqFnbRQ==}
    engines: {node: ^20.19.0 || >=22.12.0}
    cpu: [x64]
    os: [linux]

  '@oxlint/binding-linux-x64-musl@1.62.0':
    resolution: {integrity: sha512-IWpHmMB6ZDllPvqWDkG6AmXrN7JF5e/c4g/0PuURsmlK+vHoYZPB70rr4u1bn3I4LsKCSpqqfveyx6UCOC8wdg==}
    engines: {node: ^20.19.0 || >=22.12.0}
    cpu: [x64]
    os: [linux]

  '@oxlint/binding-openharmony-arm64@1.62.0':
    resolution: {integrity: sha512-fjlSxxrD5pA594vkyikCS9MnPRjQawW6/BLgyTYkO+73wwPlYjkcZ7LSd974l0Q2zkHQmu4DPvJFLYA7o8xrxQ==}
    engines: {node: ^20.19.0 || >=22.12.0}
    cpu: [arm64]
    os: [openharmony]

  '@oxlint/binding-win32-arm64-msvc@1.62.0':
    resolution: {integrity: sha512-EiFXr8loNS0Ul3Gu80+9nr1T8jRmnKocqmHHg16tj5ZqTgUXyb97l2rrspVHdDluyFn9JfR4PoJFdNzw4paHww==}
    engines: {node: ^20.19.0 || >=22.12.0}
    cpu: [arm64]
    os: [win32]

  '@oxlint/binding-win32-ia32-msvc@1.62.0':
    resolution: {integrity: sha512-IgOFvL73li1bFgab+hThXYA0N2Xms2kV2MvZN95cebV+fmrZ9AVui1JSxfeeqRLo3CpPxKZlzhyq4G0cnaAvIw==}
    engines: {node: ^20.19.0 || >=22.12.0}
    cpu: [ia32]
    os: [win32]

  '@oxlint/binding-win32-x64-msvc@1.62.0':
    resolution: {integrity: sha512-6hMpyDWQ2zGA1OXFKBrdYMUveUCO8UJhkO6JdwZPd78xIdHZNhjx+pib+4fC2Cljuhjyl0QwA2F3df/bs4Bp6A==}
    engines: {node: ^20.19.0 || >=22.12.0}
    cpu: [x64]
    os: [win32]

  '@tybys/wasm-util@0.10.1':
    resolution: {integrity: sha512-9tTaPJLSiejZKx+Bmog4uSubteqTvFrVrURwkmHixBo0G4seD0zUxp98E1DzUBJxLQ3NPwXrGKDiVjwx/DpPsg==}

  '@types/node@25.6.0':
    resolution: {integrity: sha512-+qIYRKdNYJwY3vRCZMdJbPLJAtGjQBudzZzdzwQYkEPQd+PJGixUL5QfvCLDaULoLv+RhT3LDkwEfKaAkgSmNQ==}

  esbuild@0.28.0:
    resolution: {integrity: sha512-sNR9MHpXSUV/XB4zmsFKN+QgVG82Cc7+/aaxJ8Adi8hyOac+EXptIp45QBPaVyX3N70664wRbTcLTOemCAnyqw==}
    engines: {node: '>=18'}
    hasBin: true

  fd-package-json@2.0.0:
    resolution: {integrity: sha512-jKmm9YtsNXN789RS/0mSzOC1NUq9mkVd65vbSSVsKdjGvYXBuE4oWe2QOEoFeRmJg+lPuZxpmrfFclNhoRMneQ==}

  fdir@6.5.0:
    resolution: {integrity: sha512-tIbYtZbucOs0BRGqPJkshJUYdL+SDH7dVM8gjy+ERp3WAUjLEFJE+02kanyHtwjWOnwrKYBiwAmM0p4kLJAnXg==}
    engines: {node: '>=12.0.0'}
    peerDependencies:
      picomatch: ^3 || ^4
    peerDependenciesMeta:
      picomatch:
        optional: true

  formatly@0.3.0:
    resolution: {integrity: sha512-9XNj/o4wrRFyhSMJOvsuyMwy8aUfBaZ1VrqHVfohyXf0Sw0e+yfKG+xZaY3arGCOMdwFsqObtzVOc1gU9KiT9w==}
    engines: {node: '>=18.3.0'}
    hasBin: true

  get-tsconfig@4.14.0:
    resolution: {integrity: sha512-yTb+8DXzDREzgvYmh6s9vHsSVCHeC0G3PI5bEXNBHtmshPnO+S5O7qgLEOn0I5QvMy6kpZN8K1NKGyilLb93wA==}

  jiti@2.6.1:
    resolution: {integrity: sha512-ekilCSN1jwRvIbgeg/57YFh8qQDNbwDb9xT/qu2DAHbFFZUicIl4ygVaAvzveMhMVr3LnpSKTNnwt8PoOfmKhQ==}
    hasBin: true

  knip@6.10.0:
    resolution: {integrity: sha512-u9EaTj17MYkTw2aojWSwMoRQ6pI/ZtjDexuhqkQ8uQuvMFJXeeHu6MhKDdSppijGaiNGtDSMFYs+w5iZLrb2Cg==}
    engines: {node: ^20.19.0 || >=22.12.0}
    hasBin: true

  minimist@1.2.8:
    resolution: {integrity: sha512-2yyAR8qBkN3YuheJanUpWC5U3bb5osDywNB8RzDVlDwDHbocAJveqqj1u8+SVD7jkWT4yvsHCpWqqWqAxb0zCA==}

  oxc-parser@0.128.0:
    resolution: {integrity: sha512-XkOw3eiIxAgQ19WRew/Bq9wc5Ga/guaWIzDBzq80z1PyuDNGvWBpPby9k6YGwV8A8uMw+Nlq3xqlzuDYmUFYUw==}
    engines: {node: ^20.19.0 || >=22.12.0}

  oxc-resolver@11.19.1:
    resolution: {integrity: sha512-qE/CIg/spwrTBFt5aKmwe3ifeDdLfA2NESN30E42X/lII5ClF8V7Wt6WIJhcGZjp0/Q+nQ+9vgxGk//xZNX2hg==}

  oxfmt@0.53.0:
    resolution: {integrity: sha512-9cB5glS3Ip6NMuZ+6NYTao9FCWkDhRtPYCtR3QBu/NxHoFbgzzTvi41N4jxz/GqGfuLKspui1qb/LlSu2IbMcw==}
    engines: {node: ^20.19.0 || >=22.12.0}
    hasBin: true
    peerDependencies:
      svelte: ^5.0.0
      vite-plus: '*'
    peerDependenciesMeta:
      svelte:
        optional: true
      vite-plus:
        optional: true

  oxlint@1.62.0:
    resolution: {integrity: sha512-1uFkg6HakjsGIpW9wNdeW4/2LOHW9MEkoWjZUTUfQtIHyLIZPYt00w3Sg+H3lH+206FgBPHBbW5dVE5l2ExECQ==}
    engines: {node: ^20.19.0 || >=22.12.0}
    hasBin: true
    peerDependencies:
      oxlint-tsgolint: '>=0.18.0'
    peerDependenciesMeta:
      oxlint-tsgolint:
        optional: true

  picomatch@4.0.4:
    resolution: {integrity: sha512-QP88BAKvMam/3NxH6vj2o21R6MjxZUAd6nlwAS/pnGvN9IVLocLHxGYIzFhg6fUQ+5th6P4dv4eW9jX3DSIj7A==}
    engines: {node: '>=12'}

  resolve-pkg-maps@1.0.0:
    resolution: {integrity: sha512-seS2Tj26TBVOC2NIc2rOe2y2ZO7efxITtLZcGSOnHHNOQ7CkiUBfw0Iw2ck6xkIhPwLhKNLS8BO+hEpngQlqzw==}

  smol-toml@1.6.1:
    resolution: {integrity: sha512-dWUG8F5sIIARXih1DTaQAX4SsiTXhInKf1buxdY9DIg4ZYPZK5nGM1VRIYmEbDbsHt7USo99xSLFu5Q1IqTmsg==}
    engines: {node: '>= 18'}

  strip-json-comments@5.0.3:
    resolution: {integrity: sha512-1tB5mhVo7U+ETBKNf92xT4hrQa3pm0MZ0PQvuDnWgAAGHDsfp4lPSpiS6psrSiet87wyGPh9ft6wmhOMQ0hDiw==}
    engines: {node: '>=14.16'}

  tinyglobby@0.2.16:
    resolution: {integrity: sha512-pn99VhoACYR8nFHhxqix+uvsbXineAasWm5ojXoN8xEwK5Kd3/TrhNn1wByuD52UxWRLy8pu+kRMniEi6Eq9Zg==}
    engines: {node: '>=12.0.0'}

  tinypool@2.1.0:
    resolution: {integrity: sha512-Pugqs6M0m7Lv1I7FtxN4aoyToKg1C4tu+/381vH35y8oENM/Ai7f7C4StcoK4/+BSw9ebcS8jRiVrORFKCALLw==}
    engines: {node: ^20.0.0 || >=22.0.0}

  tslib@2.8.1:
    resolution: {integrity: sha512-oJFu94HQb+KVduSUQL7wnpmqnfmLsOA/nAh6b6EH0wCEoK0/mPeXU6c3wKDV83MkOuHPRHtSXKKU99IBazS/2w==}

  typescript@6.0.3:
    resolution: {integrity: sha512-y2TvuxSZPDyQakkFRPZHKFm+KKVqIisdg9/CZwm9ftvKXLP8NRWj38/ODjNbr43SsoXqNuAisEf1GdCxqWcdBw==}
    engines: {node: '>=14.17'}
    hasBin: true

  unbash@3.0.0:
    resolution: {integrity: sha512-FeFPZ/WFT0mbRCuydiZzpPFlrYN8ZUpphQKoq4EeElVIYjYyGzPMxQR/simUwCOJIyVhpFk4RbtyO7RuMpMnHA==}
    engines: {node: '>=14'}

  undici-types@7.19.2:
    resolution: {integrity: sha512-qYVnV5OEm2AW8cJMCpdV20CDyaN3g0AjDlOGf1OW4iaDEx8MwdtChUp4zu4H0VP3nDRF/8RKWH+IPp9uW0YGZg==}

  user-agent-data-types@0.4.3:
    resolution: {integrity: sha512-Dn3fjwVgeM363mx1sEgOpOp9NNqHBj6Gn68dFbV1WoTr3s05CijKdxfH6A3Q5uzXnYNB6vdAfs/1HWFpObc7EQ==}

  walk-up-path@4.0.0:
    resolution: {integrity: sha512-3hu+tD8YzSLGuFYtPRb48vdhKMi0KQV5sn+uWr8+7dMEq/2G/dtLrdDinkLjqq5TIbIBjYJ4Ax/n3YiaW7QM8A==}
    engines: {node: 20 || >=22}

  yaml@2.8.3:
    resolution: {integrity: sha512-AvbaCLOO2Otw/lW5bmh9d/WEdcDFdQp2Z2ZUH3pX9U2ihyUY0nvLv7J6TrWowklRGPYbB/IuIMfYgxaCPg5Bpg==}
    engines: {node: '>= 14.6'}
    hasBin: true

  zod@4.4.2:
    resolution: {integrity: sha512-IynmDyxsEsb9RKzO3J9+4SxXnl2FTFSzNBaKKaMV6tsSk0rw9gYw9gs+JFCq/qk2LCZ78KDwyj+Z289TijSkUw==}

snapshots:

  '@emnapi/core@1.10.0':
    dependencies:
      '@emnapi/wasi-threads': 1.2.1
      tslib: 2.8.1
    optional: true

  '@emnapi/runtime@1.10.0':
    dependencies:
      tslib: 2.8.1
    optional: true

  '@emnapi/wasi-threads@1.2.1':
    dependencies:
      tslib: 2.8.1
    optional: true

  '@esbuild/aix-ppc64@0.28.0':
    optional: true

  '@esbuild/android-arm64@0.28.0':
    optional: true

  '@esbuild/android-arm@0.28.0':
    optional: true

  '@esbuild/android-x64@0.28.0':
    optional: true

  '@esbuild/darwin-arm64@0.28.0':
    optional: true

  '@esbuild/darwin-x64@0.28.0':
    optional: true

  '@esbuild/freebsd-arm64@0.28.0':
    optional: true

  '@esbuild/freebsd-x64@0.28.0':
    optional: true

  '@esbuild/linux-arm64@0.28.0':
    optional: true

  '@esbuild/linux-arm@0.28.0':
    optional: true

  '@esbuild/linux-ia32@0.28.0':
    optional: true

  '@esbuild/linux-loong64@0.28.0':
    optional: true

  '@esbuild/linux-mips64el@0.28.0':
    optional: true

  '@esbuild/linux-ppc64@0.28.0':
    optional: true

  '@esbuild/linux-riscv64@0.28.0':
    optional: true

  '@esbuild/linux-s390x@0.28.0':
    optional: true

  '@esbuild/linux-x64@0.28.0':
    optional: true

  '@esbuild/netbsd-arm64@0.28.0':
    optional: true

  '@esbuild/netbsd-x64@0.28.0':
    optional: true

  '@esbuild/openbsd-arm64@0.28.0':
    optional: true

  '@esbuild/openbsd-x64@0.28.0':
    optional: true

  '@esbuild/openharmony-arm64@0.28.0':
    optional: true

  '@esbuild/sunos-x64@0.28.0':
    optional: true

  '@esbuild/win32-arm64@0.28.0':
    optional: true

  '@esbuild/win32-ia32@0.28.0':
    optional: true

  '@esbuild/win32-x64@0.28.0':
    optional: true

  '@napi-rs/wasm-runtime@1.1.4(@emnapi/core@1.10.0)(@emnapi/runtime@1.10.0)':
    dependencies:
      '@emnapi/core': 1.10.0
      '@emnapi/runtime': 1.10.0
      '@tybys/wasm-util': 0.10.1
    optional: true

  '@oxc-parser/binding-android-arm-eabi@0.128.0':
    optional: true

  '@oxc-parser/binding-android-arm64@0.128.0':
    optional: true

  '@oxc-parser/binding-darwin-arm64@0.128.0':
    optional: true

  '@oxc-parser/binding-darwin-x64@0.128.0':
    optional: true

  '@oxc-parser/binding-freebsd-x64@0.128.0':
    optional: true

  '@oxc-parser/binding-linux-arm-gnueabihf@0.128.0':
    optional: true

  '@oxc-parser/binding-linux-arm-musleabihf@0.128.0':
    optional: true

  '@oxc-parser/binding-linux-arm64-gnu@0.128.0':
    optional: true

  '@oxc-parser/binding-linux-arm64-musl@0.128.0':
    optional: true

  '@oxc-parser/binding-linux-ppc64-gnu@0.128.0':
    optional: true

  '@oxc-parser/binding-linux-riscv64-gnu@0.128.0':
    optional: true

  '@oxc-parser/binding-linux-riscv64-musl@0.128.0':
    optional: true

  '@oxc-parser/binding-linux-s390x-gnu@0.128.0':
    optional: true

  '@oxc-parser/binding-linux-x64-gnu@0.128.0':
    optional: true

  '@oxc-parser/binding-linux-x64-musl@0.128.0':
    optional: true

  '@oxc-parser/binding-openharmony-arm64@0.128.0':
    optional: true

  '@oxc-parser/binding-wasm32-wasi@0.128.0':
    dependencies:
      '@emnapi/core': 1.10.0
      '@emnapi/runtime': 1.10.0
      '@napi-rs/wasm-runtime': 1.1.4(@emnapi/core@1.10.0)(@emnapi/runtime@1.10.0)
    optional: true

  '@oxc-parser/binding-win32-arm64-msvc@0.128.0':
    optional: true

  '@oxc-parser/binding-win32-ia32-msvc@0.128.0':
    optional: true

  '@oxc-parser/binding-win32-x64-msvc@0.128.0':
    optional: true

  '@oxc-project/types@0.128.0': {}

  '@oxc-resolver/binding-android-arm-eabi@11.19.1':
    optional: true

  '@oxc-resolver/binding-android-arm64@11.19.1':
    optional: true

  '@oxc-resolver/binding-darwin-arm64@11.19.1':
    optional: true

  '@oxc-resolver/binding-darwin-x64@11.19.1':
    optional: true

  '@oxc-resolver/binding-freebsd-x64@11.19.1':
    optional: true

  '@oxc-resolver/binding-linux-arm-gnueabihf@11.19.1':
    optional: true

  '@oxc-resolver/binding-linux-arm-musleabihf@11.19.1':
    optional: true

  '@oxc-resolver/binding-linux-arm64-gnu@11.19.1':
    optional: true

  '@oxc-resolver/binding-linux-arm64-musl@11.19.1':
    optional: true

  '@oxc-resolver/binding-linux-ppc64-gnu@11.19.1':
    optional: true

  '@oxc-resolver/binding-linux-riscv64-gnu@11.19.1':
    optional: true

  '@oxc-resolver/binding-linux-riscv64-musl@11.19.1':
    optional: true

  '@oxc-resolver/binding-linux-s390x-gnu@11.19.1':
    optional: true

  '@oxc-resolver/binding-linux-x64-gnu@11.19.1':
    optional: true

  '@oxc-resolver/binding-linux-x64-musl@11.19.1':
    optional: true

  '@oxc-resolver/binding-openharmony-arm64@11.19.1':
    optional: true

  '@oxc-resolver/binding-wasm32-wasi@11.19.1(@emnapi/core@1.10.0)(@emnapi/runtime@1.10.0)':
    dependencies:
      '@napi-rs/wasm-runtime': 1.1.4(@emnapi/core@1.10.0)(@emnapi/runtime@1.10.0)
    transitivePeerDependencies:
      - '@emnapi/core'
      - '@emnapi/runtime'
    optional: true

  '@oxc-resolver/binding-win32-arm64-msvc@11.19.1':
    optional: true

  '@oxc-resolver/binding-win32-ia32-msvc@11.19.1':
    optional: true

  '@oxc-resolver/binding-win32-x64-msvc@11.19.1':
    optional: true

  '@oxfmt/binding-android-arm-eabi@0.53.0':
    optional: true

  '@oxfmt/binding-android-arm64@0.53.0':
    optional: true

  '@oxfmt/binding-darwin-arm64@0.53.0':
    optional: true

  '@oxfmt/binding-darwin-x64@0.53.0':
    optional: true

  '@oxfmt/binding-freebsd-x64@0.53.0':
    optional: true

  '@oxfmt/binding-linux-arm-gnueabihf@0.53.0':
    optional: true

  '@oxfmt/binding-linux-arm-musleabihf@0.53.0':
    optional: true

  '@oxfmt/binding-linux-arm64-gnu@0.53.0':
    optional: true

  '@oxfmt/binding-linux-arm64-musl@0.53.0':
    optional: true

  '@oxfmt/binding-linux-ppc64-gnu@0.53.0':
    optional: true

  '@oxfmt/binding-linux-riscv64-gnu@0.53.0':
    optional: true

  '@oxfmt/binding-linux-riscv64-musl@0.53.0':
    optional: true

  '@oxfmt/binding-linux-s390x-gnu@0.53.0':
    optional: true

  '@oxfmt/binding-linux-x64-gnu@0.53.0':
    optional: true

  '@oxfmt/binding-linux-x64-musl@0.53.0':
    optional: true

  '@oxfmt/binding-openharmony-arm64@0.53.0':
    optional: true

  '@oxfmt/binding-win32-arm64-msvc@0.53.0':
    optional: true

  '@oxfmt/binding-win32-ia32-msvc@0.53.0':
    optional: true

  '@oxfmt/binding-win32-x64-msvc@0.53.0':
    optional: true

  '@oxlint/binding-android-arm-eabi@1.62.0':
    optional: true

  '@oxlint/binding-android-arm64@1.62.0':
    optional: true

  '@oxlint/binding-darwin-arm64@1.62.0':
    optional: true

  '@oxlint/binding-darwin-x64@1.62.0':
    optional: true

  '@oxlint/binding-freebsd-x64@1.62.0':
    optional: true

  '@oxlint/binding-linux-arm-gnueabihf@1.62.0':
    optional: true

  '@oxlint/binding-linux-arm-musleabihf@1.62.0':
    optional: true

  '@oxlint/binding-linux-arm64-gnu@1.62.0':
    optional: true

  '@oxlint/binding-linux-arm64-musl@1.62.0':
    optional: true

  '@oxlint/binding-linux-ppc64-gnu@1.62.0':
    optional: true

  '@oxlint/binding-linux-riscv64-gnu@1.62.0':
    optional: true

  '@oxlint/binding-linux-riscv64-musl@1.62.0':
    optional: true

  '@oxlint/binding-linux-s390x-gnu@1.62.0':
    optional: true

  '@oxlint/binding-linux-x64-gnu@1.62.0':
    optional: true

  '@oxlint/binding-linux-x64-musl@1.62.0':
    optional: true

  '@oxlint/binding-openharmony-arm64@1.62.0':
    optional: true

  '@oxlint/binding-win32-arm64-msvc@1.62.0':
    optional: true

  '@oxlint/binding-win32-ia32-msvc@1.62.0':
    optional: true

  '@oxlint/binding-win32-x64-msvc@1.62.0':
    optional: true

  '@tybys/wasm-util@0.10.1':
    dependencies:
      tslib: 2.8.1
    optional: true

  '@types/node@25.6.0':
    dependencies:
      undici-types: 7.19.2

  esbuild@0.28.0:
    optionalDependencies:
      '@esbuild/aix-ppc64': 0.28.0
      '@esbuild/android-arm': 0.28.0
      '@esbuild/android-arm64': 0.28.0
      '@esbuild/android-x64': 0.28.0
      '@esbuild/darwin-arm64': 0.28.0
      '@esbuild/darwin-x64': 0.28.0
      '@esbuild/freebsd-arm64': 0.28.0
      '@esbuild/freebsd-x64': 0.28.0
      '@esbuild/linux-arm': 0.28.0
      '@esbuild/linux-arm64': 0.28.0
      '@esbuild/linux-ia32': 0.28.0
      '@esbuild/linux-loong64': 0.28.0
      '@esbuild/linux-mips64el': 0.28.0
      '@esbuild/linux-ppc64': 0.28.0
      '@esbuild/linux-riscv64': 0.28.0
      '@esbuild/linux-s390x': 0.28.0
      '@esbuild/linux-x64': 0.28.0
      '@esbuild/netbsd-arm64': 0.28.0
      '@esbuild/netbsd-x64': 0.28.0
      '@esbuild/openbsd-arm64': 0.28.0
      '@esbuild/openbsd-x64': 0.28.0
      '@esbuild/openharmony-arm64': 0.28.0
      '@esbuild/sunos-x64': 0.28.0
      '@esbuild/win32-arm64': 0.28.0
      '@esbuild/win32-ia32': 0.28.0
      '@esbuild/win32-x64': 0.28.0

  fd-package-json@2.0.0:
    dependencies:
      walk-up-path: 4.0.0

  fdir@6.5.0(picomatch@4.0.4):
    optionalDependencies:
      picomatch: 4.0.4

  formatly@0.3.0:
    dependencies:
      fd-package-json: 2.0.0

  get-tsconfig@4.14.0:
    dependencies:
      resolve-pkg-maps: 1.0.0

  jiti@2.6.1: {}

  knip@6.10.0(@emnapi/core@1.10.0)(@emnapi/runtime@1.10.0):
    dependencies:
      fdir: 6.5.0(picomatch@4.0.4)
      formatly: 0.3.0
      get-tsconfig: 4.14.0
      jiti: 2.6.1
      minimist: 1.2.8
      oxc-parser: 0.128.0
      oxc-resolver: 11.19.1(@emnapi/core@1.10.0)(@emnapi/runtime@1.10.0)
      picomatch: 4.0.4
      smol-toml: 1.6.1
      strip-json-comments: 5.0.3
      tinyglobby: 0.2.16
      unbash: 3.0.0
      yaml: 2.8.3
      zod: 4.4.2
    transitivePeerDependencies:
      - '@emnapi/core'
      - '@emnapi/runtime'

  minimist@1.2.8: {}

  oxc-parser@0.128.0:
    dependencies:
      '@oxc-project/types': 0.128.0
    optionalDependencies:
      '@oxc-parser/binding-android-arm-eabi': 0.128.0
      '@oxc-parser/binding-android-arm64': 0.128.0
      '@oxc-parser/binding-darwin-arm64': 0.128.0
      '@oxc-parser/binding-darwin-x64': 0.128.0
      '@oxc-parser/binding-freebsd-x64': 0.128.0
      '@oxc-parser/binding-linux-arm-gnueabihf': 0.128.0
      '@oxc-parser/binding-linux-arm-musleabihf': 0.128.0
      '@oxc-parser/binding-linux-arm64-gnu': 0.128.0
      '@oxc-parser/binding-linux-arm64-musl': 0.128.0
      '@oxc-parser/binding-linux-ppc64-gnu': 0.128.0
      '@oxc-parser/binding-linux-riscv64-gnu': 0.128.0
      '@oxc-parser/binding-linux-riscv64-musl': 0.128.0
      '@oxc-parser/binding-linux-s390x-gnu': 0.128.0
      '@oxc-parser/binding-linux-x64-gnu': 0.128.0
      '@oxc-parser/binding-linux-x64-musl': 0.128.0
      '@oxc-parser/binding-openharmony-arm64': 0.128.0
      '@oxc-parser/binding-wasm32-wasi': 0.128.0
      '@oxc-parser/binding-win32-arm64-msvc': 0.128.0
      '@oxc-parser/binding-win32-ia32-msvc': 0.128.0
      '@oxc-parser/binding-win32-x64-msvc': 0.128.0

  oxc-resolver@11.19.1(@emnapi/core@1.10.0)(@emnapi/runtime@1.10.0):
    optionalDependencies:
      '@oxc-resolver/binding-android-arm-eabi': 11.19.1
      '@oxc-resolver/binding-android-arm64': 11.19.1
      '@oxc-resolver/binding-darwin-arm64': 11.19.1
      '@oxc-resolver/binding-darwin-x64': 11.19.1
      '@oxc-resolver/binding-freebsd-x64': 11.19.1
      '@oxc-resolver/binding-linux-arm-gnueabihf': 11.19.1
      '@oxc-resolver/binding-linux-arm-musleabihf': 11.19.1
      '@oxc-resolver/binding-linux-arm64-gnu': 11.19.1
      '@oxc-resolver/binding-linux-arm64-musl': 11.19.1
      '@oxc-resolver/binding-linux-ppc64-gnu': 11.19.1
      '@oxc-resolver/binding-linux-riscv64-gnu': 11.19.1
      '@oxc-resolver/binding-linux-riscv64-musl': 11.19.1
      '@oxc-resolver/binding-linux-s390x-gnu': 11.19.1
      '@oxc-resolver/binding-linux-x64-gnu': 11.19.1
      '@oxc-resolver/binding-linux-x64-musl': 11.19.1
      '@oxc-resolver/binding-openharmony-arm64': 11.19.1
      '@oxc-resolver/binding-wasm32-wasi': 11.19.1(@emnapi/core@1.10.0)(@emnapi/runtime@1.10.0)
      '@oxc-resolver/binding-win32-arm64-msvc': 11.19.1
      '@oxc-resolver/binding-win32-ia32-msvc': 11.19.1
      '@oxc-resolver/binding-win32-x64-msvc': 11.19.1
    transitivePeerDependencies:
      - '@emnapi/core'
      - '@emnapi/runtime'

  oxfmt@0.53.0:
    dependencies:
      tinypool: 2.1.0
    optionalDependencies:
      '@oxfmt/binding-android-arm-eabi': 0.53.0
      '@oxfmt/binding-android-arm64': 0.53.0
      '@oxfmt/binding-darwin-arm64': 0.53.0
      '@oxfmt/binding-darwin-x64': 0.53.0
      '@oxfmt/binding-freebsd-x64': 0.53.0
      '@oxfmt/binding-linux-arm-gnueabihf': 0.53.0
      '@oxfmt/binding-linux-arm-musleabihf': 0.53.0
      '@oxfmt/binding-linux-arm64-gnu': 0.53.0
      '@oxfmt/binding-linux-arm64-musl': 0.53.0
      '@oxfmt/binding-linux-ppc64-gnu': 0.53.0
      '@oxfmt/binding-linux-riscv64-gnu': 0.53.0
      '@oxfmt/binding-linux-riscv64-musl': 0.53.0
      '@oxfmt/binding-linux-s390x-gnu': 0.53.0
      '@oxfmt/binding-linux-x64-gnu': 0.53.0
      '@oxfmt/binding-linux-x64-musl': 0.53.0
      '@oxfmt/binding-openharmony-arm64': 0.53.0
      '@oxfmt/binding-win32-arm64-msvc': 0.53.0
      '@oxfmt/binding-win32-ia32-msvc': 0.53.0
      '@oxfmt/binding-win32-x64-msvc': 0.53.0

  oxlint@1.62.0:
    optionalDependencies:
      '@oxlint/binding-android-arm-eabi': 1.62.0
      '@oxlint/binding-android-arm64': 1.62.0
      '@oxlint/binding-darwin-arm64': 1.62.0
      '@oxlint/binding-darwin-x64': 1.62.0
      '@oxlint/binding-freebsd-x64': 1.62.0
      '@oxlint/binding-linux-arm-gnueabihf': 1.62.0
      '@oxlint/binding-linux-arm-musleabihf': 1.62.0
      '@oxlint/binding-linux-arm64-gnu': 1.62.0
      '@oxlint/binding-linux-arm64-musl': 1.62.0
      '@oxlint/binding-linux-ppc64-gnu': 1.62.0
      '@oxlint/binding-linux-riscv64-gnu': 1.62.0
      '@oxlint/binding-linux-riscv64-musl': 1.62.0
      '@oxlint/binding-linux-s390x-gnu': 1.62.0
      '@oxlint/binding-linux-x64-gnu': 1.62.0
      '@oxlint/binding-linux-x64-musl': 1.62.0
      '@oxlint/binding-openharmony-arm64': 1.62.0
      '@oxlint/binding-win32-arm64-msvc': 1.62.0
      '@oxlint/binding-win32-ia32-msvc': 1.62.0
      '@oxlint/binding-win32-x64-msvc': 1.62.0

  picomatch@4.0.4: {}

  resolve-pkg-maps@1.0.0: {}

  smol-toml@1.6.1: {}

  strip-json-comments@5.0.3: {}

  tinyglobby@0.2.16:
    dependencies:
      fdir: 6.5.0(picomatch@4.0.4)
      picomatch: 4.0.4

  tinypool@2.1.0: {}

  tslib@2.8.1:
    optional: true

  typescript@6.0.3: {}

  unbash@3.0.0: {}

  undici-types@7.19.2: {}

  user-agent-data-types@0.4.3: {}

  walk-up-path@4.0.0: {}

  yaml@2.8.3: {}

  zod@4.4.2: {}
